# THIS IS AN AUTOGENERATED FILE. DO NOT EDIT THIS FILE DIRECTLY.
# yarn lockfile v1


react-native-image-picker@^5.0.1:
  version "5.0.1"
  resolved "https://registry.yarnpkg.com/react-native-image-picker/-/react-native-image-picker-5.0.1.tgz#c9e99217396bc82a977785e39e14afb4819e8448"
  integrity sha512-+poQTHOnEGrbxJnut591XA9006svFOyfPg/i5bv+fLuwoSHh5HW0E/PVhvT8lbX0Z5C108vh3DAsnrfFFnPBGw==
